
Microsoft Visual Studio Solution File, Format Version 12.00
# Visual Studio 15
VisualStudioVersion = 15.0.28307.1022
MinimumVisualStudioVersion = 10.0.40219.1
Project("{00D1A9C2-B5F0-4AF3-8072-F6C62B433612}") = "Database1", "Database1\Database1.sqlproj", "{6CD40A83-9888-4408-AA64-32DD2607578B}"
EndProject
Global
	GlobalSection(SolutionConfigurationPlatforms) = preSolution
		Debug|Any CPU = Debug|Any CPU
		Release|Any CPU = Release|Any CPU
	EndGlobalSection
	GlobalSection(ProjectConfigurationPlatforms) = postSolution
		{6CD40A83-9888-4408-AA64-32DD2607578B}.Debug|Any CPU.ActiveCfg = Debug|Any CPU
		{6CD40A83-9888-4408-AA64-32DD2607578B}.Debug|Any CPU.Build.0 = Debug|Any CPU
		{6CD40A83-9888-4408-AA64-32DD2607578B}.Debug|Any CPU.Deploy.0 = Debug|Any CPU
		{6CD40A83-9888-4408-AA64-32DD2607578B}.Release|Any CPU.ActiveCfg = Release|Any CPU
		{6CD40A83-9888-4408-AA64-32DD2607578B}.Release|Any CPU.Build.0 = Release|Any CPU
		{6CD40A83-9888-4408-AA64-32DD2607578B}.Release|Any CPU.Deploy.0 = Release|Any CPU
	EndGlobalSection
	GlobalSection(SolutionProperties) = preSolution
		HideSolutionNode = FALSE
	EndGlobalSection
	GlobalSection(ExtensibilityGlobals) = postSolution
		SolutionGuid = {7466B052-607F-402A-82D8-4F498DE7B0AB}
	EndGlobalSection
EndGlobal
